<?xml version="1.0" encoding="utf-8"?>
<Project ToolsVersion="4.0" xmlns="http://schemas.microsoft.com/developer/msbuild/2003">
  <ItemGroup>
    <Filter Include="소스 파일">
      <UniqueIdentifier>{4FC737F1-C7A5-4376-A066-2A32D752A2FF}</UniqueIdentifier>
      <Extensions>cpp;c;cc;cxx;c++;cppm;ixx;def;odl;idl;hpj;bat;asm;asmx</Extensions>
    </Filter>
    <Filter Include="헤더 파일">
      <UniqueIdentifier>{93995380-89BD-4b04-88EB-625FBE52EBFB}</UniqueIdentifier>
      <Extensions>h;hh;hpp;hxx;h++;hm;inl;inc;ipp;xsd</Extensions>
    </Filter>
    <Filter Include="리소스 파일">
      <UniqueIdentifier>{67DA6AB6-F800-4c08-8B7A-83BB121AAD01}</UniqueIdentifier>
      <Extensions>rc;ico;cur;bmp;dlg;rc2;rct;bin;rgs;gif;jpg;jpeg;jpe;resx;tiff;tif;png;wav;mfcribbon-ms</Extensions>
    </Filter>
  </ItemGroup>
  <ItemGroup>
    <ClCompile Include="main.cpp">
      <Filter>소스 파일</Filter>
    </ClCompile>
    <ClCompile Include="algospot\BoardCover.cpp">
      <Filter>소스 파일</Filter>
    </ClCompile>
    <ClCompile Include="algospot\ClockSync.cpp">
      <Filter>소스 파일</Filter>
    </ClCompile>
    <ClCompile Include="algospot\Picnic.cpp">
      <Filter>소스 파일</Filter>
    </ClCompile>
    <ClCompile Include="baekjoon\1920번.cpp">
      <Filter>소스 파일</Filter>
    </ClCompile>
    <ClCompile Include="baekjoon\1929번.cpp">
      <Filter>소스 파일</Filter>
    </ClCompile>
    <ClCompile Include="baekjoon\2164번.cpp">
      <Filter>소스 파일</Filter>
    </ClCompile>
    <ClCompile Include="baekjoon\2751번.cpp">
      <Filter>소스 파일</Filter>
    </ClCompile>
    <ClCompile Include="baekjoon\2839번.cpp">
      <Filter>소스 파일</Filter>
    </ClCompile>
    <ClCompile Include="baekjoon\7568번.cpp">
      <Filter>소스 파일</Filter>
    </ClCompile>
    <ClCompile Include="baekjoon\9012번.cpp">
      <Filter>소스 파일</Filter>
    </ClCompile>
    <ClCompile Include="baekjoon\10814.cpp">
      <Filter>소스 파일</Filter>
    </ClCompile>
    <ClCompile Include="baekjoon\10816번.cpp">
      <Filter>소스 파일</Filter>
    </ClCompile>
    <ClCompile Include="baekjoon\10828번.cpp">
      <Filter>소스 파일</Filter>
    </ClCompile>
    <ClCompile Include="baekjoon\10845.번.cpp">
      <Filter>소스 파일</Filter>
    </ClCompile>
    <ClCompile Include="baekjoon\11650번.cpp">
      <Filter>소스 파일</Filter>
    </ClCompile>
    <ClCompile Include="baekjoon\11866번.cpp">
      <Filter>소스 파일</Filter>
    </ClCompile>
    <ClCompile Include="baekjoon\18111번.cpp">
      <Filter>소스 파일</Filter>
    </ClCompile>
    <ClCompile Include="algospot\QuadTree.cpp">
      <Filter>소스 파일</Filter>
    </ClCompile>
    <ClCompile Include="algospot\Fence.cpp">
      <Filter>소스 파일</Filter>
    </ClCompile>
    <ClCompile Include="algospot\FanMeeting.cpp">
      <Filter>소스 파일</Filter>
    </ClCompile>
    <ClCompile Include="baekjoon\1074번.cpp">
      <Filter>소스 파일</Filter>
    </ClCompile>
    <ClCompile Include="baekjoon\17829번.cpp">
      <Filter>소스 파일</Filter>
    </ClCompile>
    <ClCompile Include="algospot\WildCard.cpp">
      <Filter>소스 파일</Filter>
    </ClCompile>
    <ClCompile Include="algospot\JLIS.cpp">
      <Filter>소스 파일</Filter>
    </ClCompile>
    <ClCompile Include="algospot\PI.cpp">
      <Filter>소스 파일</Filter>
    </ClCompile>
    <ClCompile Include="algospot\Quantize.cpp">
      <Filter>소스 파일</Filter>
    </ClCompile>
    <ClCompile Include="algospot\Asymmetric.cpp">
      <Filter>소스 파일</Filter>
    </ClCompile>
    <ClCompile Include="algospot\Poly.cpp">
      <Filter>소스 파일</Filter>
    </ClCompile>
    <ClCompile Include="algospot\NUMB3RS.cpp">
      <Filter>소스 파일</Filter>
    </ClCompile>
    <ClCompile Include="algospot\PACKING.cpp">
      <Filter>소스 파일</Filter>
    </ClCompile>
    <ClCompile Include="baekjoon\2839번DP.cpp">
      <Filter>소스 파일</Filter>
    </ClCompile>
    <ClCompile Include="this is coding test\makeOne.cpp">
      <Filter>소스 파일</Filter>
    </ClCompile>
    <ClCompile Include="algospot\KLIS.cpp">
      <Filter>소스 파일</Filter>
    </ClCompile>
    <ClCompile Include="algospot\DragonCurve.cpp">
      <Filter>소스 파일</Filter>
    </ClCompile>
    <ClCompile Include="algospot\ZIMBABWE.cpp">
      <Filter>소스 파일</Filter>
    </ClCompile>
    <ClCompile Include="algospot\Restore.cpp">
      <Filter>소스 파일</Filter>
    </ClCompile>
    <ClCompile Include="algospot\NUMBERGAME.cpp">
      <Filter>소스 파일</Filter>
    </ClCompile>
    <ClCompile Include="algospot\BlockGame.cpp">
      <Filter>소스 파일</Filter>
    </ClCompile>
    <ClCompile Include="algospot\Sushi.cpp">
      <Filter>소스 파일</Filter>
    </ClCompile>
    <ClCompile Include="this is coding test\antWarrior.cpp">
      <Filter>소스 파일</Filter>
    </ClCompile>
    <ClCompile Include="baekjoon\9095번.cpp">
      <Filter>소스 파일</Filter>
    </ClCompile>
    <ClCompile Include="baekjoon\15486번.cpp">
      <Filter>소스 파일</Filter>
    </ClCompile>
    <ClCompile Include="baekjoon\11726번.cpp">
      <Filter>소스 파일</Filter>
    </ClCompile>
    <ClCompile Include="baekjoon\2748번.cpp">
      <Filter>소스 파일</Filter>
    </ClCompile>
    <ClCompile Include="baekjoon\2579번.cpp">
      <Filter>소스 파일</Filter>
    </ClCompile>
    <ClCompile Include="this is coding test\FloorWork.cpp">
      <Filter>소스 파일</Filter>
    </ClCompile>
    <ClCompile Include="baekjoon\9252번.cpp">
      <Filter>소스 파일</Filter>
    </ClCompile>
    <ClCompile Include="baekjoon\9251번.cpp">
      <Filter>소스 파일</Filter>
    </ClCompile>
    <ClCompile Include="baekjoon\11066번.cpp">
      <Filter>소스 파일</Filter>
    </ClCompile>
    <ClCompile Include="baekjoon\11049번.cpp">
      <Filter>소스 파일</Filter>
    </ClCompile>
    <ClCompile Include="this is coding test\minimumMoney.cpp">
      <Filter>소스 파일</Filter>
    </ClCompile>
    <ClCompile Include="this is coding test\GoldMine.cpp">
      <Filter>소스 파일</Filter>
    </ClCompile>
    <ClCompile Include="this is coding test\tri.cpp">
      <Filter>소스 파일</Filter>
    </ClCompile>
    <ClCompile Include="this is coding test\Resignation.cpp">
      <Filter>소스 파일</Filter>
    </ClCompile>
    <ClCompile Include="this is coding test\SoldierPlace.cpp">
      <Filter>소스 파일</Filter>
    </ClCompile>
    <ClCompile Include="this is coding test\UglyNumber.cpp">
      <Filter>소스 파일</Filter>
    </ClCompile>
    <ClCompile Include="algospot\LunchBox.cpp">
      <Filter>소스 파일</Filter>
    </ClCompile>
    <ClCompile Include="algospot\STRJOIN.cpp">
      <Filter>소스 파일</Filter>
    </ClCompile>
    <ClCompile Include="algospot\MINASTIRITH.cpp">
      <Filter>소스 파일</Filter>
    </ClCompile>
    <ClCompile Include="algospot\BoardCover2.cpp">
      <Filter>소스 파일</Filter>
    </ClCompile>
    <ClCompile Include="algospot\ALLERGY.cpp">
      <Filter>소스 파일</Filter>
    </ClCompile>
    <ClCompile Include="algospot\KAKURO2.cpp">
      <Filter>소스 파일</Filter>
    </ClCompile>
    <ClCompile Include="algospot\CANADATRIP.cpp">
      <Filter>소스 파일</Filter>
    </ClCompile>
  </ItemGroup>
  <ItemGroup>
    <ClInclude Include="baekjoon\1920번.h">
      <Filter>헤더 파일</Filter>
    </ClInclude>
    <ClInclude Include="baekjoon\1929번.h">
      <Filter>헤더 파일</Filter>
    </ClInclude>
    <ClInclude Include="baekjoon\2164번.h">
      <Filter>헤더 파일</Filter>
    </ClInclude>
    <ClInclude Include="baekjoon\2751번.h">
      <Filter>헤더 파일</Filter>
    </ClInclude>
    <ClInclude Include="baekjoon\2839번.h">
      <Filter>헤더 파일</Filter>
    </ClInclude>
    <ClInclude Include="baekjoon\7568번.h">
      <Filter>헤더 파일</Filter>
    </ClInclude>
    <ClInclude Include="baekjoon\9012번.h">
      <Filter>헤더 파일</Filter>
    </ClInclude>
    <ClInclude Include="baekjoon\10814번.h">
      <Filter>헤더 파일</Filter>
    </ClInclude>
    <ClInclude Include="baekjoon\10816번.h">
      <Filter>헤더 파일</Filter>
    </ClInclude>
    <ClInclude Include="baekjoon\10828번.h">
      <Filter>헤더 파일</Filter>
    </ClInclude>
    <ClInclude Include="baekjoon\10845번.h">
      <Filter>헤더 파일</Filter>
    </ClInclude>
    <ClInclude Include="baekjoon\11650번.h">
      <Filter>헤더 파일</Filter>
    </ClInclude>
    <ClInclude Include="baekjoon\11866번.h">
      <Filter>헤더 파일</Filter>
    </ClInclude>
    <ClInclude Include="baekjoon\18111번.h">
      <Filter>헤더 파일</Filter>
    </ClInclude>
  </ItemGroup>
</Project>